// !$*UTF8*$!
{
	archiveVersion = 1;
	classes = {
	};
	objectVersion = 50;
	objects = {

/* Begin PBXBuildFile section */
		0E375EF222ACFB8F0092D269 /* BTKit.h in Headers */ = {isa = PBXBuildFile; fileRef = 0E375EF022ACFB8F0092D269 /* BTKit.h */; settings = {ATTRIBUTES = (Public, ); }; };
		0E375EFF22ACFD410092D269 /* Ruuvi.swift in Sources */ = {isa = PBXBuildFile; fileRef = 0E375EFE22ACFD410092D269 /* Ruuvi.swift */; };
		0E375F0222ACFDA20092D269 /* BTKit.swift in Sources */ = {isa = PBXBuildFile; fileRef = 0E375F0122ACFDA20092D269 /* BTKit.swift */; };
		0E375F0922ACFE760092D269 /* RuuviData3.swift in Sources */ = {isa = PBXBuildFile; fileRef = 0E375F0522ACFE750092D269 /* RuuviData3.swift */; };
		0E375F0A22ACFE760092D269 /* RuuviData4.swift in Sources */ = {isa = PBXBuildFile; fileRef = 0E375F0622ACFE750092D269 /* RuuviData4.swift */; };
		0E375F0B22ACFE760092D269 /* RuuviData5.swift in Sources */ = {isa = PBXBuildFile; fileRef = 0E375F0722ACFE750092D269 /* RuuviData5.swift */; };
		0E375F0C22ACFE760092D269 /* RuuviData2.swift in Sources */ = {isa = PBXBuildFile; fileRef = 0E375F0822ACFE760092D269 /* RuuviData2.swift */; };
		0E375F1122ACFF070092D269 /* BTContract.swift in Sources */ = {isa = PBXBuildFile; fileRef = 0E375F1022ACFF070092D269 /* BTContract.swift */; };
		0E375F1322ACFF2F0092D269 /* Data+Ruuvi.swift in Sources */ = {isa = PBXBuildFile; fileRef = 0E375F1222ACFF2F0092D269 /* Data+Ruuvi.swift */; };
		0E375F1922AD00600092D269 /* BTScanneriOS.swift in Sources */ = {isa = PBXBuildFile; fileRef = 0E375F1822AD00600092D269 /* BTScanneriOS.swift */; };
		0E375F1C22AD01000092D269 /* RuuviDevice.swift in Sources */ = {isa = PBXBuildFile; fileRef = 0E375F1B22AD01000092D269 /* RuuviDevice.swift */; };
		0E375F1F22AD046A0092D269 /* ObservationToken.swift in Sources */ = {isa = PBXBuildFile; fileRef = 0E375F1E22AD046A0092D269 /* ObservationToken.swift */; };
		0E375F2122AD5D1E0092D269 /* RuuviDecoderiOS.swift in Sources */ = {isa = PBXBuildFile; fileRef = 0E375F2022AD5D1E0092D269 /* RuuviDecoderiOS.swift */; };
		0E375F2522AD650F0092D269 /* BTDevice.swift in Sources */ = {isa = PBXBuildFile; fileRef = 0E375F2422AD650F0092D269 /* BTDevice.swift */; };
		0E375F2E22AD69DF0092D269 /* RuuviTests.swift in Sources */ = {isa = PBXBuildFile; fileRef = 0E375F2D22AD69DF0092D269 /* RuuviTests.swift */; };
		0E375F3022AD69DF0092D269 /* BTKit.framework in Frameworks */ = {isa = PBXBuildFile; fileRef = 0E375EED22ACFB8F0092D269 /* BTKit.framework */; };
		0E375F4022AD6CDB0092D269 /* AppDelegate.swift in Sources */ = {isa = PBXBuildFile; fileRef = 0E375F3F22AD6CDB0092D269 /* AppDelegate.swift */; };
		0E375F4222AD6CDB0092D269 /* ViewController.swift in Sources */ = {isa = PBXBuildFile; fileRef = 0E375F4122AD6CDB0092D269 /* ViewController.swift */; };
		0E375F4522AD6CDB0092D269 /* Main.storyboard in Resources */ = {isa = PBXBuildFile; fileRef = 0E375F4322AD6CDB0092D269 /* Main.storyboard */; };
		0E375F4722AD6CDD0092D269 /* Assets.xcassets in Resources */ = {isa = PBXBuildFile; fileRef = 0E375F4622AD6CDD0092D269 /* Assets.xcassets */; };
		0E375F4A22AD6CDD0092D269 /* LaunchScreen.storyboard in Resources */ = {isa = PBXBuildFile; fileRef = 0E375F4822AD6CDD0092D269 /* LaunchScreen.storyboard */; };
		0E375F6222AD74880092D269 /* BTKit.framework in Frameworks */ = {isa = PBXBuildFile; fileRef = 0E375EED22ACFB8F0092D269 /* BTKit.framework */; };
		0E375F6322AD74880092D269 /* BTKit.framework in Embed Frameworks */ = {isa = PBXBuildFile; fileRef = 0E375EED22ACFB8F0092D269 /* BTKit.framework */; settings = {ATTRIBUTES = (CodeSignOnCopy, RemoveHeadersOnCopy, ); }; };
		0E70A45822AF821D006CB87C /* CallbackQueue.swift in Sources */ = {isa = PBXBuildFile; fileRef = 0E70A45722AF821D006CB87C /* CallbackQueue.swift */; };
		0E70A45A22AF8313006CB87C /* BTScannerOptions.swift in Sources */ = {isa = PBXBuildFile; fileRef = 0E70A45922AF8313006CB87C /* BTScannerOptions.swift */; };
		0E70A45C22AF8C58006CB87C /* BTScanner.swift in Sources */ = {isa = PBXBuildFile; fileRef = 0E70A45B22AF8C58006CB87C /* BTScanner.swift */; };
/* End PBXBuildFile section */

/* Begin PBXContainerItemProxy section */
		0E375F3122AD69DF0092D269 /* PBXContainerItemProxy */ = {
			isa = PBXContainerItemProxy;
			containerPortal = 0E375EE422ACFB8F0092D269 /* Project object */;
			proxyType = 1;
			remoteGlobalIDString = 0E375EEC22ACFB8F0092D269;
			remoteInfo = BTKit;
		};
		0E375F4F22AD6CE30092D269 /* PBXContainerItemProxy */ = {
			isa = PBXContainerItemProxy;
			containerPortal = 0E375EE422ACFB8F0092D269 /* Project object */;
			proxyType = 1;
			remoteGlobalIDString = 0E375F3C22AD6CDB0092D269;
			remoteInfo = BTKitTester;
		};
		0E375F6422AD74880092D269 /* PBXContainerItemProxy */ = {
			isa = PBXContainerItemProxy;
			containerPortal = 0E375EE422ACFB8F0092D269 /* Project object */;
			proxyType = 1;
			remoteGlobalIDString = 0E375EEC22ACFB8F0092D269;
			remoteInfo = BTKit;
		};
/* End PBXContainerItemProxy section */

/* Begin PBXCopyFilesBuildPhase section */
		0E375F6622AD74890092D269 /* Embed Frameworks */ = {
			isa = PBXCopyFilesBuildPhase;
			buildActionMask = 2147483647;
			dstPath = "";
			dstSubfolderSpec = 10;
			files = (
				0E375F6322AD74880092D269 /* BTKit.framework in Embed Frameworks */,
			);
			name = "Embed Frameworks";
			runOnlyForDeploymentPostprocessing = 0;
		};
/* End PBXCopyFilesBuildPhase section */

/* Begin PBXFileReference section */
		0E375EED22ACFB8F0092D269 /* BTKit.framework */ = {isa = PBXFileReference; explicitFileType = wrapper.framework; includeInIndex = 0; path = BTKit.framework; sourceTree = BUILT_PRODUCTS_DIR; };
		0E375EF022ACFB8F0092D269 /* BTKit.h */ = {isa = PBXFileReference; lastKnownFileType = sourcecode.c.h; path = BTKit.h; sourceTree = "<group>"; };
		0E375EF122ACFB8F0092D269 /* Info.plist */ = {isa = PBXFileReference; lastKnownFileType = text.plist.xml; path = Info.plist; sourceTree = "<group>"; };
		0E375EFE22ACFD410092D269 /* Ruuvi.swift */ = {isa = PBXFileReference; fileEncoding = 4; lastKnownFileType = sourcecode.swift; path = Ruuvi.swift; sourceTree = "<group>"; };
		0E375F0122ACFDA20092D269 /* BTKit.swift */ = {isa = PBXFileReference; lastKnownFileType = sourcecode.swift; path = BTKit.swift; sourceTree = "<group>"; };
		0E375F0522ACFE750092D269 /* RuuviData3.swift */ = {isa = PBXFileReference; fileEncoding = 4; lastKnownFileType = sourcecode.swift; path = RuuviData3.swift; sourceTree = "<group>"; };
		0E375F0622ACFE750092D269 /* RuuviData4.swift */ = {isa = PBXFileReference; fileEncoding = 4; lastKnownFileType = sourcecode.swift; path = RuuviData4.swift; sourceTree = "<group>"; };
		0E375F0722ACFE750092D269 /* RuuviData5.swift */ = {isa = PBXFileReference; fileEncoding = 4; lastKnownFileType = sourcecode.swift; path = RuuviData5.swift; sourceTree = "<group>"; };
		0E375F0822ACFE760092D269 /* RuuviData2.swift */ = {isa = PBXFileReference; fileEncoding = 4; lastKnownFileType = sourcecode.swift; path = RuuviData2.swift; sourceTree = "<group>"; };
		0E375F1022ACFF070092D269 /* BTContract.swift */ = {isa = PBXFileReference; lastKnownFileType = sourcecode.swift; path = BTContract.swift; sourceTree = "<group>"; };
		0E375F1222ACFF2F0092D269 /* Data+Ruuvi.swift */ = {isa = PBXFileReference; fileEncoding = 4; lastKnownFileType = sourcecode.swift; path = "Data+Ruuvi.swift"; sourceTree = "<group>"; };
		0E375F1822AD00600092D269 /* BTScanneriOS.swift */ = {isa = PBXFileReference; lastKnownFileType = sourcecode.swift; path = BTScanneriOS.swift; sourceTree = "<group>"; };
		0E375F1B22AD01000092D269 /* RuuviDevice.swift */ = {isa = PBXFileReference; fileEncoding = 4; lastKnownFileType = sourcecode.swift; path = RuuviDevice.swift; sourceTree = "<group>"; };
		0E375F1E22AD046A0092D269 /* ObservationToken.swift */ = {isa = PBXFileReference; lastKnownFileType = sourcecode.swift; path = ObservationToken.swift; sourceTree = "<group>"; };
		0E375F2022AD5D1E0092D269 /* RuuviDecoderiOS.swift */ = {isa = PBXFileReference; lastKnownFileType = sourcecode.swift; path = RuuviDecoderiOS.swift; sourceTree = "<group>"; };
		0E375F2422AD650F0092D269 /* BTDevice.swift */ = {isa = PBXFileReference; lastKnownFileType = sourcecode.swift; path = BTDevice.swift; sourceTree = "<group>"; };
		0E375F2B22AD69DF0092D269 /* BTKitTests.xctest */ = {isa = PBXFileReference; explicitFileType = wrapper.cfbundle; includeInIndex = 0; path = BTKitTests.xctest; sourceTree = BUILT_PRODUCTS_DIR; };
		0E375F2D22AD69DF0092D269 /* RuuviTests.swift */ = {isa = PBXFileReference; lastKnownFileType = sourcecode.swift; path = RuuviTests.swift; sourceTree = "<group>"; };
		0E375F2F22AD69DF0092D269 /* Info.plist */ = {isa = PBXFileReference; lastKnownFileType = text.plist.xml; path = Info.plist; sourceTree = "<group>"; };
		0E375F3D22AD6CDB0092D269 /* BTKitTester.app */ = {isa = PBXFileReference; explicitFileType = wrapper.application; includeInIndex = 0; path = BTKitTester.app; sourceTree = BUILT_PRODUCTS_DIR; };
		0E375F3F22AD6CDB0092D269 /* AppDelegate.swift */ = {isa = PBXFileReference; lastKnownFileType = sourcecode.swift; path = AppDelegate.swift; sourceTree = "<group>"; };
		0E375F4122AD6CDB0092D269 /* ViewController.swift */ = {isa = PBXFileReference; lastKnownFileType = sourcecode.swift; path = ViewController.swift; sourceTree = "<group>"; };
		0E375F4422AD6CDB0092D269 /* Base */ = {isa = PBXFileReference; lastKnownFileType = file.storyboard; name = Base; path = Base.lproj/Main.storyboard; sourceTree = "<group>"; };
		0E375F4622AD6CDD0092D269 /* Assets.xcassets */ = {isa = PBXFileReference; lastKnownFileType = folder.assetcatalog; path = Assets.xcassets; sourceTree = "<group>"; };
		0E375F4922AD6CDD0092D269 /* Base */ = {isa = PBXFileReference; lastKnownFileType = file.storyboard; name = Base; path = Base.lproj/LaunchScreen.storyboard; sourceTree = "<group>"; };
		0E375F4B22AD6CDD0092D269 /* Info.plist */ = {isa = PBXFileReference; lastKnownFileType = text.plist.xml; path = Info.plist; sourceTree = "<group>"; };
		0E70A45722AF821D006CB87C /* CallbackQueue.swift */ = {isa = PBXFileReference; lastKnownFileType = sourcecode.swift; path = CallbackQueue.swift; sourceTree = "<group>"; };
		0E70A45922AF8313006CB87C /* BTScannerOptions.swift */ = {isa = PBXFileReference; lastKnownFileType = sourcecode.swift; path = BTScannerOptions.swift; sourceTree = "<group>"; };
		0E70A45B22AF8C58006CB87C /* BTScanner.swift */ = {isa = PBXFileReference; lastKnownFileType = sourcecode.swift; path = BTScanner.swift; sourceTree = "<group>"; };
/* End PBXFileReference section */

/* Begin PBXFrameworksBuildPhase section */
		0E375EEA22ACFB8F0092D269 /* Frameworks */ = {
			isa = PBXFrameworksBuildPhase;
			buildActionMask = 2147483647;
			files = (
			);
			runOnlyForDeploymentPostprocessing = 0;
		};
		0E375F2822AD69DF0092D269 /* Frameworks */ = {
			isa = PBXFrameworksBuildPhase;
			buildActionMask = 2147483647;
			files = (
				0E375F3022AD69DF0092D269 /* BTKit.framework in Frameworks */,
			);
			runOnlyForDeploymentPostprocessing = 0;
		};
		0E375F3A22AD6CDB0092D269 /* Frameworks */ = {
			isa = PBXFrameworksBuildPhase;
			buildActionMask = 2147483647;
			files = (
				0E375F6222AD74880092D269 /* BTKit.framework in Frameworks */,
			);
			runOnlyForDeploymentPostprocessing = 0;
		};
/* End PBXFrameworksBuildPhase section */

/* Begin PBXGroup section */
		0E375EE322ACFB8F0092D269 = {
			isa = PBXGroup;
			children = (
				0E375EEF22ACFB8F0092D269 /* BTKit */,
				0E375F2C22AD69DF0092D269 /* BTKitTests */,
				0E375F3E22AD6CDB0092D269 /* BTKitTester */,
				0E375EEE22ACFB8F0092D269 /* Products */,
				0E375F5B22AD6D720092D269 /* Frameworks */,
			);
			sourceTree = "<group>";
		};
		0E375EEE22ACFB8F0092D269 /* Products */ = {
			isa = PBXGroup;
			children = (
				0E375EED22ACFB8F0092D269 /* BTKit.framework */,
				0E375F2B22AD69DF0092D269 /* BTKitTests.xctest */,
				0E375F3D22AD6CDB0092D269 /* BTKitTester.app */,
			);
			name = Products;
			sourceTree = "<group>";
		};
		0E375EEF22ACFB8F0092D269 /* BTKit */ = {
			isa = PBXGroup;
			children = (
				0E375F9D22AE373D0092D269 /* Source */,
				0E375EF022ACFB8F0092D269 /* BTKit.h */,
				0E375EF122ACFB8F0092D269 /* Info.plist */,
			);
			path = BTKit;
			sourceTree = "<group>";
		};
		0E375EFC22ACFD260092D269 /* Vendor */ = {
			isa = PBXGroup;
			children = (
				0E375EFD22ACFD2E0092D269 /* Ruuvi */,
			);
			path = Vendor;
			sourceTree = "<group>";
		};
		0E375EFD22ACFD2E0092D269 /* Ruuvi */ = {
			isa = PBXGroup;
			children = (
				0E375F0022ACFD7B0092D269 /* Decoder */,
				0E375EFE22ACFD410092D269 /* Ruuvi.swift */,
			);
			path = Ruuvi;
			sourceTree = "<group>";
		};
		0E375F0022ACFD7B0092D269 /* Decoder */ = {
			isa = PBXGroup;
			children = (
				0E375F2222AD5EB60092D269 /* iOS */,
				0E375F1222ACFF2F0092D269 /* Data+Ruuvi.swift */,
			);
			path = Decoder;
			sourceTree = "<group>";
		};
		0E375F0422ACFE4F0092D269 /* Versions */ = {
			isa = PBXGroup;
			children = (
				0E375F0822ACFE760092D269 /* RuuviData2.swift */,
				0E375F0522ACFE750092D269 /* RuuviData3.swift */,
				0E375F0622ACFE750092D269 /* RuuviData4.swift */,
				0E375F0722ACFE750092D269 /* RuuviData5.swift */,
			);
			path = Versions;
			sourceTree = "<group>";
		};
		0E375F1422ACFFD20092D269 /* Scanner */ = {
			isa = PBXGroup;
			children = (
				0E375F1722AD004F0092D269 /* iOS */,
			);
			path = Scanner;
			sourceTree = "<group>";
		};
		0E375F1722AD004F0092D269 /* iOS */ = {
			isa = PBXGroup;
			children = (
				0E375F1822AD00600092D269 /* BTScanneriOS.swift */,
			);
			path = iOS;
			sourceTree = "<group>";
		};
		0E375F2222AD5EB60092D269 /* iOS */ = {
			isa = PBXGroup;
			children = (
				0E375F2022AD5D1E0092D269 /* RuuviDecoderiOS.swift */,
			);
			path = iOS;
			sourceTree = "<group>";
		};
		0E375F2322AD64970092D269 /* Devices */ = {
			isa = PBXGroup;
			children = (
				0E375F2622AD65180092D269 /* Ruuvi */,
				0E375F2422AD650F0092D269 /* BTDevice.swift */,
				0E70A45B22AF8C58006CB87C /* BTScanner.swift */,
				0E375F1022ACFF070092D269 /* BTContract.swift */,
				0E375F1E22AD046A0092D269 /* ObservationToken.swift */,
				0E70A45722AF821D006CB87C /* CallbackQueue.swift */,
				0E70A45922AF8313006CB87C /* BTScannerOptions.swift */,
			);
			path = Devices;
			sourceTree = "<group>";
		};
		0E375F2622AD65180092D269 /* Ruuvi */ = {
			isa = PBXGroup;
			children = (
				0E375F9E22AE455E0092D269 /* Tag */,
				0E375F1B22AD01000092D269 /* RuuviDevice.swift */,
			);
			path = Ruuvi;
			sourceTree = "<group>";
		};
		0E375F2C22AD69DF0092D269 /* BTKitTests */ = {
			isa = PBXGroup;
			children = (
				0E375F3722AD69F10092D269 /* Vendor */,
				0E375F2F22AD69DF0092D269 /* Info.plist */,
			);
			path = BTKitTests;
			sourceTree = "<group>";
		};
		0E375F3722AD69F10092D269 /* Vendor */ = {
			isa = PBXGroup;
			children = (
				0E375F3822AD69F70092D269 /* Ruuvi */,
			);
			path = Vendor;
			sourceTree = "<group>";
		};
		0E375F3822AD69F70092D269 /* Ruuvi */ = {
			isa = PBXGroup;
			children = (
				0E375F2D22AD69DF0092D269 /* RuuviTests.swift */,
			);
			path = Ruuvi;
			sourceTree = "<group>";
		};
		0E375F3E22AD6CDB0092D269 /* BTKitTester */ = {
			isa = PBXGroup;
			children = (
				0E375F3F22AD6CDB0092D269 /* AppDelegate.swift */,
				0E375F4122AD6CDB0092D269 /* ViewController.swift */,
				0E375F4322AD6CDB0092D269 /* Main.storyboard */,
				0E375F4622AD6CDD0092D269 /* Assets.xcassets */,
				0E375F4822AD6CDD0092D269 /* LaunchScreen.storyboard */,
				0E375F4B22AD6CDD0092D269 /* Info.plist */,
			);
			path = BTKitTester;
			sourceTree = "<group>";
		};
		0E375F5B22AD6D720092D269 /* Frameworks */ = {
			isa = PBXGroup;
			children = (
			);
			name = Frameworks;
			sourceTree = "<group>";
		};
		0E375F9D22AE373D0092D269 /* Source */ = {
			isa = PBXGroup;
			children = (
				0E375F0122ACFDA20092D269 /* BTKit.swift */,
				0E375F2322AD64970092D269 /* Devices */,
				0E375F1422ACFFD20092D269 /* Scanner */,
				0E375EFC22ACFD260092D269 /* Vendor */,
			);
			path = Source;
			sourceTree = "<group>";
		};
		0E375F9E22AE455E0092D269 /* Tag */ = {
			isa = PBXGroup;
			children = (
				0E375F9F22AE45650092D269 /* Firmware */,
			);
			path = Tag;
			sourceTree = "<group>";
		};
		0E375F9F22AE45650092D269 /* Firmware */ = {
			isa = PBXGroup;
			children = (
				0E375F0422ACFE4F0092D269 /* Versions */,
			);
			path = Firmware;
			sourceTree = "<group>";
		};
/* End PBXGroup section */

/* Begin PBXHeadersBuildPhase section */
		0E375EE822ACFB8F0092D269 /* Headers */ = {
			isa = PBXHeadersBuildPhase;
			buildActionMask = 2147483647;
			files = (
				0E375EF222ACFB8F0092D269 /* BTKit.h in Headers */,
			);
			runOnlyForDeploymentPostprocessing = 0;
		};
/* End PBXHeadersBuildPhase section */

/* Begin PBXNativeTarget section */
		0E375EEC22ACFB8F0092D269 /* BTKit */ = {
			isa = PBXNativeTarget;
			buildConfigurationList = 0E375EF522ACFB8F0092D269 /* Build configuration list for PBXNativeTarget "BTKit" */;
			buildPhases = (
				0E375EE822ACFB8F0092D269 /* Headers */,
				0E375EE922ACFB8F0092D269 /* Sources */,
				0E375EEA22ACFB8F0092D269 /* Frameworks */,
				0E375EEB22ACFB8F0092D269 /* Resources */,
			);
			buildRules = (
			);
			dependencies = (
			);
			name = BTKit;
			productName = BTKit;
			productReference = 0E375EED22ACFB8F0092D269 /* BTKit.framework */;
			productType = "com.apple.product-type.framework";
		};
		0E375F2A22AD69DF0092D269 /* BTKitTests */ = {
			isa = PBXNativeTarget;
			buildConfigurationList = 0E375F3322AD69DF0092D269 /* Build configuration list for PBXNativeTarget "BTKitTests" */;
			buildPhases = (
				0E375F2722AD69DF0092D269 /* Sources */,
				0E375F2822AD69DF0092D269 /* Frameworks */,
				0E375F2922AD69DF0092D269 /* Resources */,
			);
			buildRules = (
			);
			dependencies = (
				0E375F3222AD69DF0092D269 /* PBXTargetDependency */,
				0E375F5022AD6CE30092D269 /* PBXTargetDependency */,
			);
			name = BTKitTests;
			productName = BTKitTests;
			productReference = 0E375F2B22AD69DF0092D269 /* BTKitTests.xctest */;
			productType = "com.apple.product-type.bundle.unit-test";
		};
		0E375F3C22AD6CDB0092D269 /* BTKitTester */ = {
			isa = PBXNativeTarget;
			buildConfigurationList = 0E375F4C22AD6CDD0092D269 /* Build configuration list for PBXNativeTarget "BTKitTester" */;
			buildPhases = (
				0E375F3922AD6CDB0092D269 /* Sources */,
				0E375F3A22AD6CDB0092D269 /* Frameworks */,
				0E375F3B22AD6CDB0092D269 /* Resources */,
				0E375F6622AD74890092D269 /* Embed Frameworks */,
			);
			buildRules = (
			);
			dependencies = (
				0E375F6522AD74880092D269 /* PBXTargetDependency */,
			);
			name = BTKitTester;
			productName = BTKitTester;
			productReference = 0E375F3D22AD6CDB0092D269 /* BTKitTester.app */;
			productType = "com.apple.product-type.application";
		};
/* End PBXNativeTarget section */

/* Begin PBXProject section */
		0E375EE422ACFB8F0092D269 /* Project object */ = {
			isa = PBXProject;
			attributes = {
				LastSwiftUpdateCheck = 1020;
				LastUpgradeCheck = 1020;
				ORGANIZATIONNAME = "Rinat Enikeev";
				TargetAttributes = {
					0E375EEC22ACFB8F0092D269 = {
						CreatedOnToolsVersion = 10.2.1;
						LastSwiftMigration = 1020;
					};
					0E375F2A22AD69DF0092D269 = {
						CreatedOnToolsVersion = 10.2.1;
						TestTargetID = 0E375F3C22AD6CDB0092D269;
					};
					0E375F3C22AD6CDB0092D269 = {
						CreatedOnToolsVersion = 10.2.1;
					};
				};
			};
			buildConfigurationList = 0E375EE722ACFB8F0092D269 /* Build configuration list for PBXProject "BTKit" */;
			compatibilityVersion = "Xcode 9.3";
			developmentRegion = en;
			hasScannedForEncodings = 0;
			knownRegions = (
				en,
				Base,
			);
			mainGroup = 0E375EE322ACFB8F0092D269;
			productRefGroup = 0E375EEE22ACFB8F0092D269 /* Products */;
			projectDirPath = "";
			projectRoot = "";
			targets = (
				0E375EEC22ACFB8F0092D269 /* BTKit */,
				0E375F2A22AD69DF0092D269 /* BTKitTests */,
				0E375F3C22AD6CDB0092D269 /* BTKitTester */,
			);
		};
/* End PBXProject section */

/* Begin PBXResourcesBuildPhase section */
		0E375EEB22ACFB8F0092D269 /* Resources */ = {
			isa = PBXResourcesBuildPhase;
			buildActionMask = 2147483647;
			files = (
			);
			runOnlyForDeploymentPostprocessing = 0;
		};
		0E375F2922AD69DF0092D269 /* Resources */ = {
			isa = PBXResourcesBuildPhase;
			buildActionMask = 2147483647;
			files = (
			);
			runOnlyForDeploymentPostprocessing = 0;
		};
		0E375F3B22AD6CDB0092D269 /* Resources */ = {
			isa = PBXResourcesBuildPhase;
			buildActionMask = 2147483647;
			files = (
				0E375F4A22AD6CDD0092D269 /* LaunchScreen.storyboard in Resources */,
				0E375F4722AD6CDD0092D269 /* Assets.xcassets in Resources */,
				0E375F4522AD6CDB0092D269 /* Main.storyboard in Resources */,
			);
			runOnlyForDeploymentPostprocessing = 0;
		};
/* End PBXResourcesBuildPhase section */

/* Begin PBXSourcesBuildPhase section */
		0E375EE922ACFB8F0092D269 /* Sources */ = {
			isa = PBXSourcesBuildPhase;
			buildActionMask = 2147483647;
			files = (
				0E375F0A22ACFE760092D269 /* RuuviData4.swift in Sources */,
				0E70A45822AF821D006CB87C /* CallbackQueue.swift in Sources */,
				0E375F2522AD650F0092D269 /* BTDevice.swift in Sources */,
				0E375F1122ACFF070092D269 /* BTContract.swift in Sources */,
				0E375F0B22ACFE760092D269 /* RuuviData5.swift in Sources */,
				0E375F1322ACFF2F0092D269 /* Data+Ruuvi.swift in Sources */,
				0E375F2122AD5D1E0092D269 /* RuuviDecoderiOS.swift in Sources */,
				0E375EFF22ACFD410092D269 /* Ruuvi.swift in Sources */,
				0E375F0C22ACFE760092D269 /* RuuviData2.swift in Sources */,
				0E70A45C22AF8C58006CB87C /* BTScanner.swift in Sources */,
				0E375F0222ACFDA20092D269 /* BTKit.swift in Sources */,
				0E375F1922AD00600092D269 /* BTScanneriOS.swift in Sources */,
				0E375F1C22AD01000092D269 /* RuuviDevice.swift in Sources */,
				0E375F0922ACFE760092D269 /* RuuviData3.swift in Sources */,
				0E70A45A22AF8313006CB87C /* BTScannerOptions.swift in Sources */,
				0E375F1F22AD046A0092D269 /* ObservationToken.swift in Sources */,
			);
			runOnlyForDeploymentPostprocessing = 0;
		};
		0E375F2722AD69DF0092D269 /* Sources */ = {
			isa = PBXSourcesBuildPhase;
			buildActionMask = 2147483647;
			files = (
				0E375F2E22AD69DF0092D269 /* RuuviTests.swift in Sources */,
			);
			runOnlyForDeploymentPostprocessing = 0;
		};
		0E375F3922AD6CDB0092D269 /* Sources */ = {
			isa = PBXSourcesBuildPhase;
			buildActionMask = 2147483647;
			files = (
				0E375F4222AD6CDB0092D269 /* ViewController.swift in Sources */,
				0E375F4022AD6CDB0092D269 /* AppDelegate.swift in Sources */,
			);
			runOnlyForDeploymentPostprocessing = 0;
		};
/* End PBXSourcesBuildPhase section */

/* Begin PBXTargetDependency section */
		0E375F3222AD69DF0092D269 /* PBXTargetDependency */ = {
			isa = PBXTargetDependency;
			target = 0E375EEC22ACFB8F0092D269 /* BTKit */;
			targetProxy = 0E375F3122AD69DF0092D269 /* PBXContainerItemProxy */;
		};
		0E375F5022AD6CE30092D269 /* PBXTargetDependency */ = {
			isa = PBXTargetDependency;
			target = 0E375F3C22AD6CDB0092D269 /* BTKitTester */;
			targetProxy = 0E375F4F22AD6CE30092D269 /* PBXContainerItemProxy */;
		};
		0E375F6522AD74880092D269 /* PBXTargetDependency */ = {
			isa = PBXTargetDependency;
			target = 0E375EEC22ACFB8F0092D269 /* BTKit */;
			targetProxy = 0E375F6422AD74880092D269 /* PBXContainerItemProxy */;
		};
/* End PBXTargetDependency section */

/* Begin PBXVariantGroup section */
		0E375F4322AD6CDB0092D269 /* Main.storyboard */ = {
			isa = PBXVariantGroup;
			children = (
				0E375F4422AD6CDB0092D269 /* Base */,
			);
			name = Main.storyboard;
			sourceTree = "<group>";
		};
		0E375F4822AD6CDD0092D269 /* LaunchScreen.storyboard */ = {
			isa = PBXVariantGroup;
			children = (
				0E375F4922AD6CDD0092D269 /* Base */,
			);
			name = LaunchScreen.storyboard;
			sourceTree = "<group>";
		};
/* End PBXVariantGroup section */

/* Begin XCBuildConfiguration section */
		0E375EF322ACFB8F0092D269 /* Debug */ = {
			isa = XCBuildConfiguration;
			buildSettings = {
				ALWAYS_SEARCH_USER_PATHS = NO;
				CLANG_ANALYZER_NONNULL = YES;
				CLANG_ANALYZER_NUMBER_OBJECT_CONVERSION = YES_AGGRESSIVE;
				CLANG_CXX_LANGUAGE_STANDARD = "gnu++14";
				CLANG_CXX_LIBRARY = "libc++";
				CLANG_ENABLE_MODULES = YES;
				CLANG_ENABLE_OBJC_ARC = YES;
				CLANG_ENABLE_OBJC_WEAK = YES;
				CLANG_WARN_BLOCK_CAPTURE_AUTORELEASING = YES;
				CLANG_WARN_BOOL_CONVERSION = YES;
				CLANG_WARN_COMMA = YES;
				CLANG_WARN_CONSTANT_CONVERSION = YES;
				CLANG_WARN_DEPRECATED_OBJC_IMPLEMENTATIONS = YES;
				CLANG_WARN_DIRECT_OBJC_ISA_USAGE = YES_ERROR;
				CLANG_WARN_DOCUMENTATION_COMMENTS = YES;
				CLANG_WARN_EMPTY_BODY = YES;
				CLANG_WARN_ENUM_CONVERSION = YES;
				CLANG_WARN_INFINITE_RECURSION = YES;
				CLANG_WARN_INT_CONVERSION = YES;
				CLANG_WARN_NON_LITERAL_NULL_CONVERSION = YES;
				CLANG_WARN_OBJC_IMPLICIT_RETAIN_SELF = YES;
				CLANG_WARN_OBJC_LITERAL_CONVERSION = YES;
				CLANG_WARN_OBJC_ROOT_CLASS = YES_ERROR;
				CLANG_WARN_RANGE_LOOP_ANALYSIS = YES;
				CLANG_WARN_STRICT_PROTOTYPES = YES;
				CLANG_WARN_SUSPICIOUS_MOVE = YES;
				CLANG_WARN_UNGUARDED_AVAILABILITY = YES_AGGRESSIVE;
				CLANG_WARN_UNREACHABLE_CODE = YES;
				CLANG_WARN__DUPLICATE_METHOD_MATCH = YES;
				CODE_SIGN_IDENTITY = "iPhone Developer";
				COPY_PHASE_STRIP = NO;
				CURRENT_PROJECT_VERSION = 1;
				DEBUG_INFORMATION_FORMAT = dwarf;
				ENABLE_STRICT_OBJC_MSGSEND = YES;
				ENABLE_TESTABILITY = YES;
				GCC_C_LANGUAGE_STANDARD = gnu11;
				GCC_DYNAMIC_NO_PIC = NO;
				GCC_NO_COMMON_BLOCKS = YES;
				GCC_OPTIMIZATION_LEVEL = 0;
				GCC_PREPROCESSOR_DEFINITIONS = (
					"DEBUG=1",
					"$(inherited)",
				);
				GCC_WARN_64_TO_32_BIT_CONVERSION = YES;
				GCC_WARN_ABOUT_RETURN_TYPE = YES_ERROR;
				GCC_WARN_UNDECLARED_SELECTOR = YES;
				GCC_WARN_UNINITIALIZED_AUTOS = YES_AGGRESSIVE;
				GCC_WARN_UNUSED_FUNCTION = YES;
				GCC_WARN_UNUSED_VARIABLE = YES;
				IPHONEOS_DEPLOYMENT_TARGET = 12.2;
				MTL_ENABLE_DEBUG_INFO = INCLUDE_SOURCE;
				MTL_FAST_MATH = YES;
				ONLY_ACTIVE_ARCH = YES;
				SDKROOT = iphoneos;
				SWIFT_ACTIVE_COMPILATION_CONDITIONS = DEBUG;
				SWIFT_OPTIMIZATION_LEVEL = "-Onone";
				VERSIONING_SYSTEM = "apple-generic";
				VERSION_INFO_PREFIX = "";
			};
			name = Debug;
		};
		0E375EF422ACFB8F0092D269 /* Release */ = {
			isa = XCBuildConfiguration;
			buildSettings = {
				ALWAYS_SEARCH_USER_PATHS = NO;
				CLANG_ANALYZER_NONNULL = YES;
				CLANG_ANALYZER_NUMBER_OBJECT_CONVERSION = YES_AGGRESSIVE;
				CLANG_CXX_LANGUAGE_STANDARD = "gnu++14";
				CLANG_CXX_LIBRARY = "libc++";
				CLANG_ENABLE_MODULES = YES;
				CLANG_ENABLE_OBJC_ARC = YES;
				CLANG_ENABLE_OBJC_WEAK = YES;
				CLANG_WARN_BLOCK_CAPTURE_AUTORELEASING = YES;
				CLANG_WARN_BOOL_CONVERSION = YES;
				CLANG_WARN_COMMA = YES;
				CLANG_WARN_CONSTANT_CONVERSION = YES;
				CLANG_WARN_DEPRECATED_OBJC_IMPLEMENTATIONS = YES;
				CLANG_WARN_DIRECT_OBJC_ISA_USAGE = YES_ERROR;
				CLANG_WARN_DOCUMENTATION_COMMENTS = YES;
				CLANG_WARN_EMPTY_BODY = YES;
				CLANG_WARN_ENUM_CONVERSION = YES;
				CLANG_WARN_INFINITE_RECURSION = YES;
				CLANG_WARN_INT_CONVERSION = YES;
				CLANG_WARN_NON_LITERAL_NULL_CONVERSION = YES;
				CLANG_WARN_OBJC_IMPLICIT_RETAIN_SELF = YES;
				CLANG_WARN_OBJC_LITERAL_CONVERSION = YES;
				CLANG_WARN_OBJC_ROOT_CLASS = YES_ERROR;
				CLANG_WARN_RANGE_LOOP_ANALYSIS = YES;
				CLANG_WARN_STRICT_PROTOTYPES = YES;
				CLANG_WARN_SUSPICIOUS_MOVE = YES;
				CLANG_WARN_UNGUARDED_AVAILABILITY = YES_AGGRESSIVE;
				CLANG_WARN_UNREACHABLE_CODE = YES;
				CLANG_WARN__DUPLICATE_METHOD_MATCH = YES;
				CODE_SIGN_IDENTITY = "iPhone Developer";
				COPY_PHASE_STRIP = NO;
				CURRENT_PROJECT_VERSION = 1;
				DEBUG_INFORMATION_FORMAT = "dwarf-with-dsym";
				ENABLE_NS_ASSERTIONS = NO;
				ENABLE_STRICT_OBJC_MSGSEND = YES;
				GCC_C_LANGUAGE_STANDARD = gnu11;
				GCC_NO_COMMON_BLOCKS = YES;
				GCC_WARN_64_TO_32_BIT_CONVERSION = YES;
				GCC_WARN_ABOUT_RETURN_TYPE = YES_ERROR;
				GCC_WARN_UNDECLARED_SELECTOR = YES;
				GCC_WARN_UNINITIALIZED_AUTOS = YES_AGGRESSIVE;
				GCC_WARN_UNUSED_FUNCTION = YES;
				GCC_WARN_UNUSED_VARIABLE = YES;
				IPHONEOS_DEPLOYMENT_TARGET = 12.2;
				MTL_ENABLE_DEBUG_INFO = NO;
				MTL_FAST_MATH = YES;
				SDKROOT = iphoneos;
				SWIFT_COMPILATION_MODE = wholemodule;
				SWIFT_OPTIMIZATION_LEVEL = "-O";
				VALIDATE_PRODUCT = YES;
				VERSIONING_SYSTEM = "apple-generic";
				VERSION_INFO_PREFIX = "";
			};
			name = Release;
		};
		0E375EF622ACFB8F0092D269 /* Debug */ = {
			isa = XCBuildConfiguration;
			buildSettings = {
				CLANG_ENABLE_MODULES = YES;
				CODE_SIGN_IDENTITY = "";
				CODE_SIGN_STYLE = Automatic;
				DEFINES_MODULE = YES;
				DEVELOPMENT_TEAM = 5V5EUT3ZXJ;
				DYLIB_COMPATIBILITY_VERSION = 1;
				DYLIB_CURRENT_VERSION = 1;
				DYLIB_INSTALL_NAME_BASE = "@rpath";
				INFOPLIST_FILE = BTKit/Info.plist;
				INSTALL_PATH = "$(LOCAL_LIBRARY_DIR)/Frameworks";
				IPHONEOS_DEPLOYMENT_TARGET = 10.0;
				LD_RUNPATH_SEARCH_PATHS = (
					"$(inherited)",
					"@executable_path/Frameworks",
					"@loader_path/Frameworks",
				);
				PRODUCT_BUNDLE_IDENTIFIER = io.btkit.BTKit;
				PRODUCT_NAME = "$(TARGET_NAME:c99extidentifier)";
				SKIP_INSTALL = YES;
				SWIFT_OPTIMIZATION_LEVEL = "-Onone";
				SWIFT_VERSION = 5.0;
				TARGETED_DEVICE_FAMILY = "1,2";
			};
			name = Debug;
		};
		0E375EF722ACFB8F0092D269 /* Release */ = {
			isa = XCBuildConfiguration;
			buildSettings = {
				CLANG_ENABLE_MODULES = YES;
				CODE_SIGN_IDENTITY = "";
				CODE_SIGN_STYLE = Automatic;
				DEFINES_MODULE = YES;
				DEVELOPMENT_TEAM = 5V5EUT3ZXJ;
				DYLIB_COMPATIBILITY_VERSION = 1;
				DYLIB_CURRENT_VERSION = 1;
				DYLIB_INSTALL_NAME_BASE = "@rpath";
				INFOPLIST_FILE = BTKit/Info.plist;
				INSTALL_PATH = "$(LOCAL_LIBRARY_DIR)/Frameworks";
				IPHONEOS_DEPLOYMENT_TARGET = 10.0;
				LD_RUNPATH_SEARCH_PATHS = (
					"$(inherited)",
					"@executable_path/Frameworks",
					"@loader_path/Frameworks",
				);
				PRODUCT_BUNDLE_IDENTIFIER = io.btkit.BTKit;
				PRODUCT_NAME = "$(TARGET_NAME:c99extidentifier)";
				SKIP_INSTALL = YES;
				SWIFT_VERSION = 5.0;
				TARGETED_DEVICE_FAMILY = "1,2";
			};
			name = Release;
		};
		0E375F3422AD69DF0092D269 /* Debug */ = {
			isa = XCBuildConfiguration;
			buildSettings = {
				CODE_SIGN_STYLE = Automatic;
				DEVELOPMENT_TEAM = 5V5EUT3ZXJ;
				INFOPLIST_FILE = BTKitTests/Info.plist;
				LD_RUNPATH_SEARCH_PATHS = (
					"$(inherited)",
					"@executable_path/Frameworks",
					"@loader_path/Frameworks",
				);
				PRODUCT_BUNDLE_IDENTIFIER = io.btkit.BTKitTests;
				PRODUCT_NAME = "$(TARGET_NAME)";
				SWIFT_VERSION = 5.0;
				TARGETED_DEVICE_FAMILY = "1,2";
				TEST_HOST = "$(BUILT_PRODUCTS_DIR)/BTKitTester.app/BTKitTester";
			};
			name = Debug;
		};
		0E375F3522AD69DF0092D269 /* Release */ = {
			isa = XCBuildConfiguration;
			buildSettings = {
				CODE_SIGN_STYLE = Automatic;
				DEVELOPMENT_TEAM = 5V5EUT3ZXJ;
				INFOPLIST_FILE = BTKitTests/Info.plist;
				LD_RUNPATH_SEARCH_PATHS = (
					"$(inherited)",
					"@executable_path/Frameworks",
					"@loader_path/Frameworks",
				);
				PRODUCT_BUNDLE_IDENTIFIER = io.btkit.BTKitTests;
				PRODUCT_NAME = "$(TARGET_NAME)";
				SWIFT_VERSION = 5.0;
				TARGETED_DEVICE_FAMILY = "1,2";
				TEST_HOST = "$(BUILT_PRODUCTS_DIR)/BTKitTester.app/BTKitTester";
			};
			name = Release;
		};
		0E375F4D22AD6CDD0092D269 /* Debug */ = {
			isa = XCBuildConfiguration;
			buildSettings = {
				ALWAYS_EMBED_SWIFT_STANDARD_LIBRARIES = YES;
				ASSETCATALOG_COMPILER_APPICON_NAME = AppIcon;
				CODE_SIGN_STYLE = Automatic;
				DEVELOPMENT_TEAM = 5V5EUT3ZXJ;
				INFOPLIST_FILE = BTKitTester/Info.plist;
				LD_RUNPATH_SEARCH_PATHS = (
					"$(inherited)",
					"@executable_path/Frameworks",
				);
				PRODUCT_BUNDLE_IDENTIFIER = io.btkit.BTKitTester;
				PRODUCT_NAME = "$(TARGET_NAME)";
				SWIFT_VERSION = 5.0;
				TARGETED_DEVICE_FAMILY = "1,2";
			};
			name = Debug;
		};
		0E375F4E22AD6CDD0092D269 /* Release */ = {
			isa = XCBuildConfiguration;
			buildSettings = {
				ALWAYS_EMBED_SWIFT_STANDARD_LIBRARIES = YES;
				ASSETCATALOG_COMPILER_APPICON_NAME = AppIcon;
				CODE_SIGN_STYLE = Automatic;
				DEVELOPMENT_TEAM = 5V5EUT3ZXJ;
				INFOPLIST_FILE = BTKitTester/Info.plist;
				LD_RUNPATH_SEARCH_PATHS = (
					"$(inherited)",
					"@executable_path/Frameworks",
				);
				PRODUCT_BUNDLE_IDENTIFIER = io.btkit.BTKitTester;
				PRODUCT_NAME = "$(TARGET_NAME)";
				SWIFT_VERSION = 5.0;
				TARGETED_DEVICE_FAMILY = "1,2";
			};
			name = Release;
		};
/* End XCBuildConfiguration section */

/* Begin XCConfigurationList section */
		0E375EE722ACFB8F0092D269 /* Build configuration list for PBXProject "BTKit" */ = {
			isa = XCConfigurationList;
			buildConfigurations = (
				0E375EF322ACFB8F0092D269 /* Debug */,
				0E375EF422ACFB8F0092D269 /* Release */,
			);
			defaultConfigurationIsVisible = 0;
			defaultConfigurationName = Release;
		};
		0E375EF522ACFB8F0092D269 /* Build configuration list for PBXNativeTarget "BTKit" */ = {
			isa = XCConfigurationList;
			buildConfigurations = (
				0E375EF622ACFB8F0092D269 /* Debug */,
				0E375EF722ACFB8F0092D269 /* Release */,
			);
			defaultConfigurationIsVisible = 0;
			defaultConfigurationName = Release;
		};
		0E375F3322AD69DF0092D269 /* Build configuration list for PBXNativeTarget "BTKitTests" */ = {
			isa = XCConfigurationList;
			buildConfigurations = (
				0E375F3422AD69DF0092D269 /* Debug */,
				0E375F3522AD69DF0092D269 /* Release */,
			);
			defaultConfigurationIsVisible = 0;
			defaultConfigurationName = Release;
		};
		0E375F4C22AD6CDD0092D269 /* Build configuration list for PBXNativeTarget "BTKitTester" */ = {
			isa = XCConfigurationList;
			buildConfigurations = (
				0E375F4D22AD6CDD0092D269 /* Debug */,
				0E375F4E22AD6CDD0092D269 /* Release */,
			);
			defaultConfigurationIsVisible = 0;
			defaultConfigurationName = Release;
		};
/* End XCConfigurationList section */
	};
	rootObject = 0E375EE422ACFB8F0092D269 /* Project object */;
}
